
Microsoft Visual Studio Solution File, Format Version 12.00
# Visual Studio Version 17
VisualStudioVersion = 17.5.33414.496
MinimumVisualStudioVersion = 10.0.40219.1
Project("{FAE04EC0-301F-11D3-BF4B-00C04F79EFBC}") = "CatalogAPI", "CatalogAPI\CatalogAPI.csproj", "{D1FC8620-79E8-4969-A2F6-55E134B7932D}"
EndProject
Global
	GlobalSection(SolutionConfigurationPlatforms) = preSolution
		Debug|Any CPU = Debug|Any CPU
		Release|Any CPU = Release|Any CPU
	EndGlobalSection
	GlobalSection(ProjectConfigurationPlatforms) = postSolution
		{D1FC8620-79E8-4969-A2F6-55E134B7932D}.Debug|Any CPU.ActiveCfg = Debug|Any CPU
		{D1FC8620-79E8-4969-A2F6-55E134B7932D}.Debug|Any CPU.Build.0 = Debug|Any CPU
		{D1FC8620-79E8-4969-A2F6-55E134B7932D}.Release|Any CPU.ActiveCfg = Release|Any CPU
		{D1FC8620-79E8-4969-A2F6-55E134B7932D}.Release|Any CPU.Build.0 = Release|Any CPU
	EndGlobalSection
	GlobalSection(SolutionProperties) = preSolution
		HideSolutionNode = FALSE
	EndGlobalSection
	GlobalSection(ExtensibilityGlobals) = postSolution
		SolutionGuid = {F057EA72-CA46-4DB7-A226-D19E8C2279A1}
	EndGlobalSection
EndGlobal
